
Microsoft Visual Studio Solution File, Format Version 12.00
# Visual Studio Version 16
VisualStudioVersion = 16.0.31205.134
MinimumVisualStudioVersion = 10.0.40219.1
Project("{FAE04EC0-301F-11D3-BF4B-00C04F79EFBC}") = "Assesment Task 2 Real", "Assesment Task 2 Real\Assesment Task 2 Real.csproj", "{C48536D7-1BBB-42D1-B699-4C5F2805F7DC}"
EndProject
Global
	GlobalSection(SolutionConfigurationPlatforms) = preSolution
		Debug|Any CPU = Debug|Any CPU
		Release|Any CPU = Release|Any CPU
	EndGlobalSection
	GlobalSection(ProjectConfigurationPlatforms) = postSolution
		{C48536D7-1BBB-42D1-B699-4C5F2805F7DC}.Debug|Any CPU.ActiveCfg = Debug|Any CPU
		{C48536D7-1BBB-42D1-B699-4C5F2805F7DC}.Debug|Any CPU.Build.0 = Debug|Any CPU
		{C48536D7-1BBB-42D1-B699-4C5F2805F7DC}.Release|Any CPU.ActiveCfg = Release|Any CPU
		{C48536D7-1BBB-42D1-B699-4C5F2805F7DC}.Release|Any CPU.Build.0 = Release|Any CPU
	EndGlobalSection
	GlobalSection(SolutionProperties) = preSolution
		HideSolutionNode = FALSE
	EndGlobalSection
	GlobalSection(ExtensibilityGlobals) = postSolution
		SolutionGuid = {47ABC4B3-F06B-4824-BBA9-329F52A02EDA}
	EndGlobalSection
EndGlobal
